// !$*UTF8*$!
{
	archiveVersion = 1;
	classes = {
	};
	objectVersion = 56;
	objects = {

/* Begin PBXBuildFile section */
		D728DAAE2955942A0013A183 /* LikeButton.swift in Sources */ = {isa = PBXBuildFile; fileRef = D728DAAD2955942A0013A183 /* LikeButton.swift */; };
		D72FEB6A2954B50400250C27 /* GradientView.swift in Sources */ = {isa = PBXBuildFile; fileRef = D72FEB692954B50400250C27 /* GradientView.swift */; };
		D72FEB6C2954EA1100250C27 /* AvatarView.swift in Sources */ = {isa = PBXBuildFile; fileRef = D72FEB6B2954EA1100250C27 /* AvatarView.swift */; };
		D72FEB6E2954FA1F00250C27 /* AvatarCircleView.swift in Sources */ = {isa = PBXBuildFile; fileRef = D72FEB6D2954FA1F00250C27 /* AvatarCircleView.swift */; };
		D7370D1E293675F600818366 /* AppDelegate.swift in Sources */ = {isa = PBXBuildFile; fileRef = D7370D1D293675F600818366 /* AppDelegate.swift */; };
		D7370D20293675F600818366 /* SceneDelegate.swift in Sources */ = {isa = PBXBuildFile; fileRef = D7370D1F293675F600818366 /* SceneDelegate.swift */; };
		D7370D22293675F600818366 /* LoginViewController.swift in Sources */ = {isa = PBXBuildFile; fileRef = D7370D21293675F600818366 /* LoginViewController.swift */; };
		D7370D25293675F600818366 /* Main.storyboard in Resources */ = {isa = PBXBuildFile; fileRef = D7370D23293675F600818366 /* Main.storyboard */; };
		D7370D27293675F700818366 /* Assets.xcassets in Resources */ = {isa = PBXBuildFile; fileRef = D7370D26293675F700818366 /* Assets.xcassets */; };
		D7370D2A293675F700818366 /* LaunchScreen.storyboard in Resources */ = {isa = PBXBuildFile; fileRef = D7370D28293675F700818366 /* LaunchScreen.storyboard */; };
		D7389541294388D20011E4EF /* AllGroupsCell.swift in Sources */ = {isa = PBXBuildFile; fileRef = D7389540294388D20011E4EF /* AllGroupsCell.swift */; };
		D73FE2B0295B609400598CF2 /* LikeButton2.swift in Sources */ = {isa = PBXBuildFile; fileRef = D73FE2AF295B609400598CF2 /* LikeButton2.swift */; };
		D73FE2B2295B992700598CF2 /* NewsViewController.swift in Sources */ = {isa = PBXBuildFile; fileRef = D73FE2B1295B992700598CF2 /* NewsViewController.swift */; };
		D73FE2B4295B9B0900598CF2 /* NewsViewCell.swift in Sources */ = {isa = PBXBuildFile; fileRef = D73FE2B3295B9B0900598CF2 /* NewsViewCell.swift */; };
		D7467D7B295DA97A0061330C /* FriendXIBCell.swift in Sources */ = {isa = PBXBuildFile; fileRef = D7467D79295DA97A0061330C /* FriendXIBCell.swift */; };
		D7467D7C295DA97A0061330C /* FriendXIBCell.xib in Resources */ = {isa = PBXBuildFile; fileRef = D7467D7A295DA97A0061330C /* FriendXIBCell.xib */; };
		D7467D7E295DEE220061330C /* FriendsHeader.swift in Sources */ = {isa = PBXBuildFile; fileRef = D7467D7D295DEE220061330C /* FriendsHeader.swift */; };
		D7467D82295E08940061330C /* FriendsHeader.xib in Resources */ = {isa = PBXBuildFile; fileRef = D7467D81295E08940061330C /* FriendsHeader.xib */; };
		D75220132940C31500013287 /* User.swift in Sources */ = {isa = PBXBuildFile; fileRef = D75220122940C31500013287 /* User.swift */; };
		D75220172941187E00013287 /* PhotosViewController.swift in Sources */ = {isa = PBXBuildFile; fileRef = D75220162941187E00013287 /* PhotosViewController.swift */; };
		D752201929411CB400013287 /* PhotoCell.swift in Sources */ = {isa = PBXBuildFile; fileRef = D752201829411CB400013287 /* PhotoCell.swift */; };
		D752201B2941208C00013287 /* GroupsTableViewController.swift in Sources */ = {isa = PBXBuildFile; fileRef = D752201A2941208C00013287 /* GroupsTableViewController.swift */; };
		D752201D294120DE00013287 /* Group.swift in Sources */ = {isa = PBXBuildFile; fileRef = D752201C294120DE00013287 /* Group.swift */; };
		D752201F294126A600013287 /* GroupCell.swift in Sources */ = {isa = PBXBuildFile; fileRef = D752201E294126A600013287 /* GroupCell.swift */; };
		D75220212941344000013287 /* AllGroupsController.swift in Sources */ = {isa = PBXBuildFile; fileRef = D75220202941344000013287 /* AllGroupsController.swift */; };
		D7DD2B1A293F495500BC664E /* UIViewController + extension.swift in Sources */ = {isa = PBXBuildFile; fileRef = D7DD2B19293F495500BC664E /* UIViewController + extension.swift */; };
		D7DD2B1E293FC89700BC664E /* FriendsTableViewController.swift in Sources */ = {isa = PBXBuildFile; fileRef = D7DD2B1D293FC89700BC664E /* FriendsTableViewController.swift */; };
		D7DD2B20293FCBA000BC664E /* FriendCell.swift in Sources */ = {isa = PBXBuildFile; fileRef = D7DD2B1F293FCBA000BC664E /* FriendCell.swift */; };
/* End PBXBuildFile section */

/* Begin PBXFileReference section */
		D728DAAD2955942A0013A183 /* LikeButton.swift */ = {isa = PBXFileReference; lastKnownFileType = sourcecode.swift; path = LikeButton.swift; sourceTree = "<group>"; };
		D72FEB692954B50400250C27 /* GradientView.swift */ = {isa = PBXFileReference; lastKnownFileType = sourcecode.swift; path = GradientView.swift; sourceTree = "<group>"; };
		D72FEB6B2954EA1100250C27 /* AvatarView.swift */ = {isa = PBXFileReference; lastKnownFileType = sourcecode.swift; path = AvatarView.swift; sourceTree = "<group>"; };
		D72FEB6D2954FA1F00250C27 /* AvatarCircleView.swift */ = {isa = PBXFileReference; lastKnownFileType = sourcecode.swift; path = AvatarCircleView.swift; sourceTree = "<group>"; };
		D7370D1A293675F600818366 /* GundyrevaAnastasiia_VK Storyboard project.app */ = {isa = PBXFileReference; explicitFileType = wrapper.application; includeInIndex = 0; path = "GundyrevaAnastasiia_VK Storyboard project.app"; sourceTree = BUILT_PRODUCTS_DIR; };
		D7370D1D293675F600818366 /* AppDelegate.swift */ = {isa = PBXFileReference; lastKnownFileType = sourcecode.swift; path = AppDelegate.swift; sourceTree = "<group>"; };
		D7370D1F293675F600818366 /* SceneDelegate.swift */ = {isa = PBXFileReference; lastKnownFileType = sourcecode.swift; path = SceneDelegate.swift; sourceTree = "<group>"; };
		D7370D21293675F600818366 /* LoginViewController.swift */ = {isa = PBXFileReference; lastKnownFileType = sourcecode.swift; path = LoginViewController.swift; sourceTree = "<group>"; };
		D7370D24293675F600818366 /* Base */ = {isa = PBXFileReference; lastKnownFileType = file.storyboard; name = Base; path = Base.lproj/Main.storyboard; sourceTree = "<group>"; };
		D7370D26293675F700818366 /* Assets.xcassets */ = {isa = PBXFileReference; lastKnownFileType = folder.assetcatalog; path = Assets.xcassets; sourceTree = "<group>"; };
		D7370D29293675F700818366 /* Base */ = {isa = PBXFileReference; lastKnownFileType = file.storyboard; name = Base; path = Base.lproj/LaunchScreen.storyboard; sourceTree = "<group>"; };
		D7370D2B293675F700818366 /* Info.plist */ = {isa = PBXFileReference; lastKnownFileType = text.plist.xml; path = Info.plist; sourceTree = "<group>"; };
		D7389540294388D20011E4EF /* AllGroupsCell.swift */ = {isa = PBXFileReference; lastKnownFileType = sourcecode.swift; path = AllGroupsCell.swift; sourceTree = "<group>"; };
		D73FE2AF295B609400598CF2 /* LikeButton2.swift */ = {isa = PBXFileReference; lastKnownFileType = sourcecode.swift; path = LikeButton2.swift; sourceTree = "<group>"; };
		D73FE2B1295B992700598CF2 /* NewsViewController.swift */ = {isa = PBXFileReference; lastKnownFileType = sourcecode.swift; path = NewsViewController.swift; sourceTree = "<group>"; };
		D73FE2B3295B9B0900598CF2 /* NewsViewCell.swift */ = {isa = PBXFileReference; lastKnownFileType = sourcecode.swift; path = NewsViewCell.swift; sourceTree = "<group>"; };
		D7467D79295DA97A0061330C /* FriendXIBCell.swift */ = {isa = PBXFileReference; lastKnownFileType = sourcecode.swift; path = FriendXIBCell.swift; sourceTree = "<group>"; };
		D7467D7A295DA97A0061330C /* FriendXIBCell.xib */ = {isa = PBXFileReference; lastKnownFileType = file.xib; path = FriendXIBCell.xib; sourceTree = "<group>"; };
		D7467D7D295DEE220061330C /* FriendsHeader.swift */ = {isa = PBXFileReference; lastKnownFileType = sourcecode.swift; path = FriendsHeader.swift; sourceTree = "<group>"; };
		D7467D81295E08940061330C /* FriendsHeader.xib */ = {isa = PBXFileReference; lastKnownFileType = file.xib; path = FriendsHeader.xib; sourceTree = "<group>"; };
		D75220122940C31500013287 /* User.swift */ = {isa = PBXFileReference; lastKnownFileType = sourcecode.swift; path = User.swift; sourceTree = "<group>"; };
		D75220162941187E00013287 /* PhotosViewController.swift */ = {isa = PBXFileReference; lastKnownFileType = sourcecode.swift; path = PhotosViewController.swift; sourceTree = "<group>"; };
		D752201829411CB400013287 /* PhotoCell.swift */ = {isa = PBXFileReference; lastKnownFileType = sourcecode.swift; path = PhotoCell.swift; sourceTree = "<group>"; };
		D752201A2941208C00013287 /* GroupsTableViewController.swift */ = {isa = PBXFileReference; lastKnownFileType = sourcecode.swift; path = GroupsTableViewController.swift; sourceTree = "<group>"; };
		D752201C294120DE00013287 /* Group.swift */ = {isa = PBXFileReference; lastKnownFileType = sourcecode.swift; path = Group.swift; sourceTree = "<group>"; };
		D752201E294126A600013287 /* GroupCell.swift */ = {isa = PBXFileReference; lastKnownFileType = sourcecode.swift; path = GroupCell.swift; sourceTree = "<group>"; };
		D75220202941344000013287 /* AllGroupsController.swift */ = {isa = PBXFileReference; lastKnownFileType = sourcecode.swift; path = AllGroupsController.swift; sourceTree = "<group>"; };
		D7DD2B19293F495500BC664E /* UIViewController + extension.swift */ = {isa = PBXFileReference; lastKnownFileType = sourcecode.swift; path = "UIViewController + extension.swift"; sourceTree = "<group>"; };
		D7DD2B1D293FC89700BC664E /* FriendsTableViewController.swift */ = {isa = PBXFileReference; lastKnownFileType = sourcecode.swift; path = FriendsTableViewController.swift; sourceTree = "<group>"; };
		D7DD2B1F293FCBA000BC664E /* FriendCell.swift */ = {isa = PBXFileReference; lastKnownFileType = sourcecode.swift; path = FriendCell.swift; sourceTree = "<group>"; };
/* End PBXFileReference section */

/* Begin PBXFrameworksBuildPhase section */
		D7370D17293675F600818366 /* Frameworks */ = {
			isa = PBXFrameworksBuildPhase;
			buildActionMask = 2147483647;
			files = (
			);
			runOnlyForDeploymentPostprocessing = 0;
		};
/* End PBXFrameworksBuildPhase section */

/* Begin PBXGroup section */
		D728DAAF295594470013A183 /* Buttons */ = {
			isa = PBXGroup;
			children = (
				D728DAAD2955942A0013A183 /* LikeButton.swift */,
				D73FE2AF295B609400598CF2 /* LikeButton2.swift */,
			);
			path = Buttons;
			sourceTree = "<group>";
		};
		D7370D11293675F600818366 = {
			isa = PBXGroup;
			children = (
				D7370D1C293675F600818366 /* GundyrevaAnastasiia_VK Storyboard project */,
				D7370D1B293675F600818366 /* Products */,
			);
			sourceTree = "<group>";
		};
		D7370D1B293675F600818366 /* Products */ = {
			isa = PBXGroup;
			children = (
				D7370D1A293675F600818366 /* GundyrevaAnastasiia_VK Storyboard project.app */,
			);
			name = Products;
			sourceTree = "<group>";
		};
		D7370D1C293675F600818366 /* GundyrevaAnastasiia_VK Storyboard project */ = {
			isa = PBXGroup;
			children = (
				D728DAAF295594470013A183 /* Buttons */,
				D7370D1D293675F600818366 /* AppDelegate.swift */,
				D7370D1F293675F600818366 /* SceneDelegate.swift */,
				D7522014294116A500013287 /* Controllers */,
				D7522015294116F600013287 /* Model */,
				D738954229439A460011E4EF /* View */,
				D738954329439A770011E4EF /* Helpers */,
				D7370D23293675F600818366 /* Main.storyboard */,
				D7370D26293675F700818366 /* Assets.xcassets */,
				D7370D28293675F700818366 /* LaunchScreen.storyboard */,
				D7370D2B293675F700818366 /* Info.plist */,
			);
			path = "GundyrevaAnastasiia_VK Storyboard project";
			sourceTree = "<group>";
		};
		D738954229439A460011E4EF /* View */ = {
			isa = PBXGroup;
			children = (
				D7467D7D295DEE220061330C /* FriendsHeader.swift */,
				D7467D81295E08940061330C /* FriendsHeader.xib */,
				D7389540294388D20011E4EF /* AllGroupsCell.swift */,
				D7DD2B1F293FCBA000BC664E /* FriendCell.swift */,
				D752201E294126A600013287 /* GroupCell.swift */,
				D752201829411CB400013287 /* PhotoCell.swift */,
				D72FEB692954B50400250C27 /* GradientView.swift */,
				D72FEB6B2954EA1100250C27 /* AvatarView.swift */,
				D72FEB6D2954FA1F00250C27 /* AvatarCircleView.swift */,
				D73FE2B3295B9B0900598CF2 /* NewsViewCell.swift */,
				D7467D79295DA97A0061330C /* FriendXIBCell.swift */,
				D7467D7A295DA97A0061330C /* FriendXIBCell.xib */,
			);
			path = View;
			sourceTree = "<group>";
		};
		D738954329439A770011E4EF /* Helpers */ = {
			isa = PBXGroup;
			children = (
				D7DD2B19293F495500BC664E /* UIViewController + extension.swift */,
			);
			path = Helpers;
			sourceTree = "<group>";
		};
		D7522014294116A500013287 /* Controllers */ = {
			isa = PBXGroup;
			children = (
				D7370D21293675F600818366 /* LoginViewController.swift */,
				D7DD2B1D293FC89700BC664E /* FriendsTableViewController.swift */,
				D75220162941187E00013287 /* PhotosViewController.swift */,
				D752201A2941208C00013287 /* GroupsTableViewController.swift */,
				D75220202941344000013287 /* AllGroupsController.swift */,
				D73FE2B1295B992700598CF2 /* NewsViewController.swift */,
			);
			path = Controllers;
			sourceTree = "<group>";
		};
		D7522015294116F600013287 /* Model */ = {
			isa = PBXGroup;
			children = (
				D75220122940C31500013287 /* User.swift */,
				D752201C294120DE00013287 /* Group.swift */,
			);
			path = Model;
			sourceTree = "<group>";
		};
/* End PBXGroup section */

/* Begin PBXNativeTarget section */
		D7370D19293675F600818366 /* GundyrevaAnastasiia_VK Storyboard project */ = {
			isa = PBXNativeTarget;
			buildConfigurationList = D7370D2E293675F700818366 /* Build configuration list for PBXNativeTarget "GundyrevaAnastasiia_VK Storyboard project" */;
			buildPhases = (
				D7370D16293675F600818366 /* Sources */,
				D7370D17293675F600818366 /* Frameworks */,
				D7370D18293675F600818366 /* Resources */,
			);
			buildRules = (
			);
			dependencies = (
			);
			name = "GundyrevaAnastasiia_VK Storyboard project";
			productName = "GundyrevaAnastasiia_VK Storyboard project";
			productReference = D7370D1A293675F600818366 /* GundyrevaAnastasiia_VK Storyboard project.app */;
			productType = "com.apple.product-type.application";
		};
/* End PBXNativeTarget section */

/* Begin PBXProject section */
		D7370D12293675F600818366 /* Project object */ = {
			isa = PBXProject;
			attributes = {
				BuildIndependentTargetsInParallel = 1;
				KnownAssetTags = (
					UsernameTextField,
				);
				LastSwiftUpdateCheck = 1410;
				LastUpgradeCheck = 1410;
				TargetAttributes = {
					D7370D19293675F600818366 = {
						CreatedOnToolsVersion = 14.1;
					};
				};
			};
			buildConfigurationList = D7370D15293675F600818366 /* Build configuration list for PBXProject "GundyrevaAnastasiia_VK Storyboard project" */;
			compatibilityVersion = "Xcode 14.0";
			developmentRegion = en;
			hasScannedForEncodings = 0;
			knownRegions = (
				en,
				Base,
			);
			mainGroup = D7370D11293675F600818366;
			productRefGroup = D7370D1B293675F600818366 /* Products */;
			projectDirPath = "";
			projectRoot = "";
			targets = (
				D7370D19293675F600818366 /* GundyrevaAnastasiia_VK Storyboard project */,
			);
		};
/* End PBXProject section */

/* Begin PBXResourcesBuildPhase section */
		D7370D18293675F600818366 /* Resources */ = {
			isa = PBXResourcesBuildPhase;
			buildActionMask = 2147483647;
			files = (
				D7467D82295E08940061330C /* FriendsHeader.xib in Resources */,
				D7370D2A293675F700818366 /* LaunchScreen.storyboard in Resources */,
				D7467D7C295DA97A0061330C /* FriendXIBCell.xib in Resources */,
				D7370D27293675F700818366 /* Assets.xcassets in Resources */,
				D7370D25293675F600818366 /* Main.storyboard in Resources */,
			);
			runOnlyForDeploymentPostprocessing = 0;
		};
/* End PBXResourcesBuildPhase section */

/* Begin PBXSourcesBuildPhase section */
		D7370D16293675F600818366 /* Sources */ = {
			isa = PBXSourcesBuildPhase;
			buildActionMask = 2147483647;
			files = (
				D75220172941187E00013287 /* PhotosViewController.swift in Sources */,
				D7DD2B20293FCBA000BC664E /* FriendCell.swift in Sources */,
				D72FEB6A2954B50400250C27 /* GradientView.swift in Sources */,
				D73FE2B2295B992700598CF2 /* NewsViewController.swift in Sources */,
				D7370D22293675F600818366 /* LoginViewController.swift in Sources */,
				D752201D294120DE00013287 /* Group.swift in Sources */,
				D72FEB6C2954EA1100250C27 /* AvatarView.swift in Sources */,
				D72FEB6E2954FA1F00250C27 /* AvatarCircleView.swift in Sources */,
				D73FE2B0295B609400598CF2 /* LikeButton2.swift in Sources */,
				D7DD2B1E293FC89700BC664E /* FriendsTableViewController.swift in Sources */,
				D7370D1E293675F600818366 /* AppDelegate.swift in Sources */,
				D75220212941344000013287 /* AllGroupsController.swift in Sources */,
				D728DAAE2955942A0013A183 /* LikeButton.swift in Sources */,
				D7389541294388D20011E4EF /* AllGroupsCell.swift in Sources */,
				D752201F294126A600013287 /* GroupCell.swift in Sources */,
				D7467D7B295DA97A0061330C /* FriendXIBCell.swift in Sources */,
				D752201929411CB400013287 /* PhotoCell.swift in Sources */,
				D752201B2941208C00013287 /* GroupsTableViewController.swift in Sources */,
				D7DD2B1A293F495500BC664E /* UIViewController + extension.swift in Sources */,
				D73FE2B4295B9B0900598CF2 /* NewsViewCell.swift in Sources */,
				D7370D20293675F600818366 /* SceneDelegate.swift in Sources */,
				D7467D7E295DEE220061330C /* FriendsHeader.swift in Sources */,
				D75220132940C31500013287 /* User.swift in Sources */,
			);
			runOnlyForDeploymentPostprocessing = 0;
		};
/* End PBXSourcesBuildPhase section */

/* Begin PBXVariantGroup section */
		D7370D23293675F600818366 /* Main.storyboard */ = {
			isa = PBXVariantGroup;
			children = (
				D7370D24293675F600818366 /* Base */,
			);
			name = Main.storyboard;
			sourceTree = "<group>";
		};
		D7370D28293675F700818366 /* LaunchScreen.storyboard */ = {
			isa = PBXVariantGroup;
			children = (
				D7370D29293675F700818366 /* Base */,
			);
			name = LaunchScreen.storyboard;
			sourceTree = "<group>";
		};
/* End PBXVariantGroup section */

/* Begin XCBuildConfiguration section */
		D7370D2C293675F700818366 /* Debug */ = {
			isa = XCBuildConfiguration;
			buildSettings = {
				ALWAYS_SEARCH_USER_PATHS = NO;
				CLANG_ANALYZER_NONNULL = YES;
				CLANG_ANALYZER_NUMBER_OBJECT_CONVERSION = YES_AGGRESSIVE;
				CLANG_CXX_LANGUAGE_STANDARD = "gnu++20";
				CLANG_ENABLE_MODULES = YES;
				CLANG_ENABLE_OBJC_ARC = YES;
				CLANG_ENABLE_OBJC_WEAK = YES;
				CLANG_WARN_BLOCK_CAPTURE_AUTORELEASING = YES;
				CLANG_WARN_BOOL_CONVERSION = YES;
				CLANG_WARN_COMMA = YES;
				CLANG_WARN_CONSTANT_CONVERSION = YES;
				CLANG_WARN_DEPRECATED_OBJC_IMPLEMENTATIONS = YES;
				CLANG_WARN_DIRECT_OBJC_ISA_USAGE = YES_ERROR;
				CLANG_WARN_DOCUMENTATION_COMMENTS = YES;
				CLANG_WARN_EMPTY_BODY = YES;
				CLANG_WARN_ENUM_CONVERSION = YES;
				CLANG_WARN_INFINITE_RECURSION = YES;
				CLANG_WARN_INT_CONVERSION = YES;
				CLANG_WARN_NON_LITERAL_NULL_CONVERSION = YES;
				CLANG_WARN_OBJC_IMPLICIT_RETAIN_SELF = YES;
				CLANG_WARN_OBJC_LITERAL_CONVERSION = YES;
				CLANG_WARN_OBJC_ROOT_CLASS = YES_ERROR;
				CLANG_WARN_QUOTED_INCLUDE_IN_FRAMEWORK_HEADER = YES;
				CLANG_WARN_RANGE_LOOP_ANALYSIS = YES;
				CLANG_WARN_STRICT_PROTOTYPES = YES;
				CLANG_WARN_SUSPICIOUS_MOVE = YES;
				CLANG_WARN_UNGUARDED_AVAILABILITY = YES_AGGRESSIVE;
				CLANG_WARN_UNREACHABLE_CODE = YES;
				CLANG_WARN__DUPLICATE_METHOD_MATCH = YES;
				COPY_PHASE_STRIP = NO;
				DEBUG_INFORMATION_FORMAT = dwarf;
				ENABLE_STRICT_OBJC_MSGSEND = YES;
				ENABLE_TESTABILITY = YES;
				GCC_C_LANGUAGE_STANDARD = gnu11;
				GCC_DYNAMIC_NO_PIC = NO;
				GCC_NO_COMMON_BLOCKS = YES;
				GCC_OPTIMIZATION_LEVEL = 0;
				GCC_PREPROCESSOR_DEFINITIONS = (
					"DEBUG=1",
					"$(inherited)",
				);
				GCC_WARN_64_TO_32_BIT_CONVERSION = YES;
				GCC_WARN_ABOUT_RETURN_TYPE = YES_ERROR;
				GCC_WARN_UNDECLARED_SELECTOR = YES;
				GCC_WARN_UNINITIALIZED_AUTOS = YES_AGGRESSIVE;
				GCC_WARN_UNUSED_FUNCTION = YES;
				GCC_WARN_UNUSED_VARIABLE = YES;
				IPHONEOS_DEPLOYMENT_TARGET = 16.1;
				MTL_ENABLE_DEBUG_INFO = INCLUDE_SOURCE;
				MTL_FAST_MATH = YES;
				ONLY_ACTIVE_ARCH = YES;
				SDKROOT = iphoneos;
				SWIFT_ACTIVE_COMPILATION_CONDITIONS = DEBUG;
				SWIFT_OPTIMIZATION_LEVEL = "-Onone";
			};
			name = Debug;
		};
		D7370D2D293675F700818366 /* Release */ = {
			isa = XCBuildConfiguration;
			buildSettings = {
				ALWAYS_SEARCH_USER_PATHS = NO;
				CLANG_ANALYZER_NONNULL = YES;
				CLANG_ANALYZER_NUMBER_OBJECT_CONVERSION = YES_AGGRESSIVE;
				CLANG_CXX_LANGUAGE_STANDARD = "gnu++20";
				CLANG_ENABLE_MODULES = YES;
				CLANG_ENABLE_OBJC_ARC = YES;
				CLANG_ENABLE_OBJC_WEAK = YES;
				CLANG_WARN_BLOCK_CAPTURE_AUTORELEASING = YES;
				CLANG_WARN_BOOL_CONVERSION = YES;
				CLANG_WARN_COMMA = YES;
				CLANG_WARN_CONSTANT_CONVERSION = YES;
				CLANG_WARN_DEPRECATED_OBJC_IMPLEMENTATIONS = YES;
				CLANG_WARN_DIRECT_OBJC_ISA_USAGE = YES_ERROR;
				CLANG_WARN_DOCUMENTATION_COMMENTS = YES;
				CLANG_WARN_EMPTY_BODY = YES;
				CLANG_WARN_ENUM_CONVERSION = YES;
				CLANG_WARN_INFINITE_RECURSION = YES;
				CLANG_WARN_INT_CONVERSION = YES;
				CLANG_WARN_NON_LITERAL_NULL_CONVERSION = YES;
				CLANG_WARN_OBJC_IMPLICIT_RETAIN_SELF = YES;
				CLANG_WARN_OBJC_LITERAL_CONVERSION = YES;
				CLANG_WARN_OBJC_ROOT_CLASS = YES_ERROR;
				CLANG_WARN_QUOTED_INCLUDE_IN_FRAMEWORK_HEADER = YES;
				CLANG_WARN_RANGE_LOOP_ANALYSIS = YES;
				CLANG_WARN_STRICT_PROTOTYPES = YES;
				CLANG_WARN_SUSPICIOUS_MOVE = YES;
				CLANG_WARN_UNGUARDED_AVAILABILITY = YES_AGGRESSIVE;
				CLANG_WARN_UNREACHABLE_CODE = YES;
				CLANG_WARN__DUPLICATE_METHOD_MATCH = YES;
				COPY_PHASE_STRIP = NO;
				DEBUG_INFORMATION_FORMAT = "dwarf-with-dsym";
				ENABLE_NS_ASSERTIONS = NO;
				ENABLE_STRICT_OBJC_MSGSEND = YES;
				GCC_C_LANGUAGE_STANDARD = gnu11;
				GCC_NO_COMMON_BLOCKS = YES;
				GCC_WARN_64_TO_32_BIT_CONVERSION = YES;
				GCC_WARN_ABOUT_RETURN_TYPE = YES_ERROR;
				GCC_WARN_UNDECLARED_SELECTOR = YES;
				GCC_WARN_UNINITIALIZED_AUTOS = YES_AGGRESSIVE;
				GCC_WARN_UNUSED_FUNCTION = YES;
				GCC_WARN_UNUSED_VARIABLE = YES;
				IPHONEOS_DEPLOYMENT_TARGET = 16.1;
				MTL_ENABLE_DEBUG_INFO = NO;
				MTL_FAST_MATH = YES;
				SDKROOT = iphoneos;
				SWIFT_COMPILATION_MODE = wholemodule;
				SWIFT_OPTIMIZATION_LEVEL = "-O";
				VALIDATE_PRODUCT = YES;
			};
			name = Release;
		};
		D7370D2F293675F700818366 /* Debug */ = {
			isa = XCBuildConfiguration;
			buildSettings = {
				ASSETCATALOG_COMPILER_APPICON_NAME = AppIcon;
				ASSETCATALOG_COMPILER_GLOBAL_ACCENT_COLOR_NAME = AccentColor;
				CODE_SIGN_STYLE = Automatic;
				CURRENT_PROJECT_VERSION = 1;
				DEVELOPMENT_TEAM = 46LXSX843X;
				GENERATE_INFOPLIST_FILE = YES;
				INFOPLIST_FILE = "GundyrevaAnastasiia_VK Storyboard project/Info.plist";
				INFOPLIST_KEY_UIApplicationSupportsIndirectInputEvents = YES;
				INFOPLIST_KEY_UILaunchStoryboardName = LaunchScreen;
				INFOPLIST_KEY_UIMainStoryboardFile = Main;
				INFOPLIST_KEY_UISupportedInterfaceOrientations_iPad = "UIInterfaceOrientationPortrait UIInterfaceOrientationPortraitUpsideDown UIInterfaceOrientationLandscapeLeft UIInterfaceOrientationLandscapeRight";
				INFOPLIST_KEY_UISupportedInterfaceOrientations_iPhone = "UIInterfaceOrientationPortrait UIInterfaceOrientationLandscapeLeft UIInterfaceOrientationLandscapeRight";
				LD_RUNPATH_SEARCH_PATHS = (
					"$(inherited)",
					"@executable_path/Frameworks",
				);
				MARKETING_VERSION = 1.0;
				PRODUCT_BUNDLE_IDENTIFIER = "AsyaTrial.GundyrevaAnastasiia-VK-Storyboard-project";
				PRODUCT_NAME = "$(TARGET_NAME)";
				SWIFT_EMIT_LOC_STRINGS = YES;
				SWIFT_VERSION = 5.0;
				TARGETED_DEVICE_FAMILY = "1,2";
			};
			name = Debug;
		};
		D7370D30293675F700818366 /* Release */ = {
			isa = XCBuildConfiguration;
			buildSettings = {
				ASSETCATALOG_COMPILER_APPICON_NAME = AppIcon;
				ASSETCATALOG_COMPILER_GLOBAL_ACCENT_COLOR_NAME = AccentColor;
				CODE_SIGN_STYLE = Automatic;
				CURRENT_PROJECT_VERSION = 1;
				DEVELOPMENT_TEAM = 46LXSX843X;
				GENERATE_INFOPLIST_FILE = YES;
				INFOPLIST_FILE = "GundyrevaAnastasiia_VK Storyboard project/Info.plist";
				INFOPLIST_KEY_UIApplicationSupportsIndirectInputEvents = YES;
				INFOPLIST_KEY_UILaunchStoryboardName = LaunchScreen;
				INFOPLIST_KEY_UIMainStoryboardFile = Main;
				INFOPLIST_KEY_UISupportedInterfaceOrientations_iPad = "UIInterfaceOrientationPortrait UIInterfaceOrientationPortraitUpsideDown UIInterfaceOrientationLandscapeLeft UIInterfaceOrientationLandscapeRight";
				INFOPLIST_KEY_UISupportedInterfaceOrientations_iPhone = "UIInterfaceOrientationPortrait UIInterfaceOrientationLandscapeLeft UIInterfaceOrientationLandscapeRight";
				LD_RUNPATH_SEARCH_PATHS = (
					"$(inherited)",
					"@executable_path/Frameworks",
				);
				MARKETING_VERSION = 1.0;
				PRODUCT_BUNDLE_IDENTIFIER = "AsyaTrial.GundyrevaAnastasiia-VK-Storyboard-project";
				PRODUCT_NAME = "$(TARGET_NAME)";
				SWIFT_EMIT_LOC_STRINGS = YES;
				SWIFT_VERSION = 5.0;
				TARGETED_DEVICE_FAMILY = "1,2";
			};
			name = Release;
		};
/* End XCBuildConfiguration section */

/* Begin XCConfigurationList section */
		D7370D15293675F600818366 /* Build configuration list for PBXProject "GundyrevaAnastasiia_VK Storyboard project" */ = {
			isa = XCConfigurationList;
			buildConfigurations = (
				D7370D2C293675F700818366 /* Debug */,
				D7370D2D293675F700818366 /* Release */,
			);
			defaultConfigurationIsVisible = 0;
			defaultConfigurationName = Release;
		};
		D7370D2E293675F700818366 /* Build configuration list for PBXNativeTarget "GundyrevaAnastasiia_VK Storyboard project" */ = {
			isa = XCConfigurationList;
			buildConfigurations = (
				D7370D2F293675F700818366 /* Debug */,
				D7370D30293675F700818366 /* Release */,
			);
			defaultConfigurationIsVisible = 0;
			defaultConfigurationName = Release;
		};
/* End XCConfigurationList section */
	};
	rootObject = D7370D12293675F600818366 /* Project object */;
}
