// !$*UTF8*$!
{
	archiveVersion = 1;
	classes = {
	};
	objectVersion = 56;
	objects = {

/* Begin PBXBuildFile section */
		D71109872986C80D00316270 /* Session.swift in Sources */ = {isa = PBXBuildFile; fileRef = D71109862986C80D00316270 /* Session.swift */; };
		D728DAAE2955942A0013A183 /* LikeButton.swift in Sources */ = {isa = PBXBuildFile; fileRef = D728DAAD2955942A0013A183 /* LikeButton.swift */; };
		D72DEB7E298ADE3C001C0C70 /* WKViewController.swift in Sources */ = {isa = PBXBuildFile; fileRef = D72DEB7D298ADE3C001C0C70 /* WKViewController.swift */; };
		D72DEB80298BDAF6001C0C70 /* SecondViewController.swift in Sources */ = {isa = PBXBuildFile; fileRef = D72DEB7F298BDAF6001C0C70 /* SecondViewController.swift */; };
		D72DEB84298C08E1001C0C70 /* Service.swift in Sources */ = {isa = PBXBuildFile; fileRef = D72DEB83298C08E1001C0C70 /* Service.swift */; };
		D72FEB6A2954B50400250C27 /* GradientView.swift in Sources */ = {isa = PBXBuildFile; fileRef = D72FEB692954B50400250C27 /* GradientView.swift */; };
		D72FEB6C2954EA1100250C27 /* AvatarView.swift in Sources */ = {isa = PBXBuildFile; fileRef = D72FEB6B2954EA1100250C27 /* AvatarView.swift */; };
		D72FEB6E2954FA1F00250C27 /* AvatarCircleView.swift in Sources */ = {isa = PBXBuildFile; fileRef = D72FEB6D2954FA1F00250C27 /* AvatarCircleView.swift */; };
		D73167B3297066450082CE5F /* PurpleViewController.swift in Sources */ = {isa = PBXBuildFile; fileRef = D73167B2297066450082CE5F /* PurpleViewController.swift */; };
		D73167B529709A570082CE5F /* LoadingViewController.swift in Sources */ = {isa = PBXBuildFile; fileRef = D73167B429709A570082CE5F /* LoadingViewController.swift */; };
		D73167BD2970ADF30082CE5F /* GroupsHeader.swift in Sources */ = {isa = PBXBuildFile; fileRef = D73167BB2970ADF30082CE5F /* GroupsHeader.swift */; };
		D73167BE2970ADF30082CE5F /* GroupsHeader.xib in Resources */ = {isa = PBXBuildFile; fileRef = D73167BC2970ADF30082CE5F /* GroupsHeader.xib */; };
		D733DFD0296B652A00333434 /* TransitionAnimator.swift in Sources */ = {isa = PBXBuildFile; fileRef = D733DFCF296B652A00333434 /* TransitionAnimator.swift */; };
		D734D81229659CA400F916DE /* PhotosUpcloseViewController.swift in Sources */ = {isa = PBXBuildFile; fileRef = D734D81129659CA400F916DE /* PhotosUpcloseViewController.swift */; };
		D7370D1E293675F600818366 /* AppDelegate.swift in Sources */ = {isa = PBXBuildFile; fileRef = D7370D1D293675F600818366 /* AppDelegate.swift */; };
		D7370D20293675F600818366 /* SceneDelegate.swift in Sources */ = {isa = PBXBuildFile; fileRef = D7370D1F293675F600818366 /* SceneDelegate.swift */; };
		D7370D22293675F600818366 /* LoginViewController.swift in Sources */ = {isa = PBXBuildFile; fileRef = D7370D21293675F600818366 /* LoginViewController.swift */; };
		D7370D25293675F600818366 /* Main.storyboard in Resources */ = {isa = PBXBuildFile; fileRef = D7370D23293675F600818366 /* Main.storyboard */; };
		D7370D27293675F700818366 /* Assets.xcassets in Resources */ = {isa = PBXBuildFile; fileRef = D7370D26293675F700818366 /* Assets.xcassets */; };
		D7370D2A293675F700818366 /* LaunchScreen.storyboard in Resources */ = {isa = PBXBuildFile; fileRef = D7370D28293675F700818366 /* LaunchScreen.storyboard */; };
		D738796A296F1A4100A3C6DE /* SwipeDownAnimator.swift in Sources */ = {isa = PBXBuildFile; fileRef = D7387969296F1A4100A3C6DE /* SwipeDownAnimator.swift */; };
		D738796C296F1C4C00A3C6DE /* CustomSegue.swift in Sources */ = {isa = PBXBuildFile; fileRef = D738796B296F1C4C00A3C6DE /* CustomSegue.swift */; };
		D738796E296F562E00A3C6DE /* SquareViewController.swift in Sources */ = {isa = PBXBuildFile; fileRef = D738796D296F562E00A3C6DE /* SquareViewController.swift */; };
		D7389541294388D20011E4EF /* AllGroupsCell.swift in Sources */ = {isa = PBXBuildFile; fileRef = D7389540294388D20011E4EF /* AllGroupsCell.swift */; };
		D73AC52229AF913400A07766 /* PosterCell.swift in Sources */ = {isa = PBXBuildFile; fileRef = D73AC52129AF913400A07766 /* PosterCell.swift */; };
		D73AC52429AF91F700A07766 /* PostTextCell.swift in Sources */ = {isa = PBXBuildFile; fileRef = D73AC52329AF91F700A07766 /* PostTextCell.swift */; };
		D73AC52629AF923500A07766 /* PostImageCell.swift in Sources */ = {isa = PBXBuildFile; fileRef = D73AC52529AF923500A07766 /* PostImageCell.swift */; };
		D73AC52829AF927700A07766 /* PostButtonsCell.swift in Sources */ = {isa = PBXBuildFile; fileRef = D73AC52729AF927700A07766 /* PostButtonsCell.swift */; };
		D73BC402296C254700BD0F05 /* CustomPushAnimators.swift in Sources */ = {isa = PBXBuildFile; fileRef = D73BC401296C254700BD0F05 /* CustomPushAnimators.swift */; };
		D73BC404296C3F3F00BD0F05 /* CustomNavigationController.swift in Sources */ = {isa = PBXBuildFile; fileRef = D73BC403296C3F3F00BD0F05 /* CustomNavigationController.swift */; };
		D73FE2B0295B609400598CF2 /* LikeButton2.swift in Sources */ = {isa = PBXBuildFile; fileRef = D73FE2AF295B609400598CF2 /* LikeButton2.swift */; };
		D73FE2B2295B992700598CF2 /* NewsViewController.swift in Sources */ = {isa = PBXBuildFile; fileRef = D73FE2B1295B992700598CF2 /* NewsViewController.swift */; };
		D73FE2B4295B9B0900598CF2 /* NewsViewCell.swift in Sources */ = {isa = PBXBuildFile; fileRef = D73FE2B3295B9B0900598CF2 /* NewsViewCell.swift */; };
		D73FFD4A2991350900E311DE /* FriendsTestViewController.swift in Sources */ = {isa = PBXBuildFile; fileRef = D73FFD492991350900E311DE /* FriendsTestViewController.swift */; };
		D73FFD4C2991368B00E311DE /* FriendsTestTableViewCell.swift in Sources */ = {isa = PBXBuildFile; fileRef = D73FFD4B2991368B00E311DE /* FriendsTestTableViewCell.swift */; };
		D73FFD4F29915C0F00E311DE /* SDWebImage in Frameworks */ = {isa = PBXBuildFile; productRef = D73FFD4E29915C0F00E311DE /* SDWebImage */; };
		D73FFD51299193E400E311DE /* Photo.swift in Sources */ = {isa = PBXBuildFile; fileRef = D73FFD50299193E400E311DE /* Photo.swift */; };
		D742396729B7E34C00FD34EE /* NewsService.swift in Sources */ = {isa = PBXBuildFile; fileRef = D742396629B7E34C00FD34EE /* NewsService.swift */; };
		D745526829B68FD2003774A2 /* Newsfeed Model.swift in Sources */ = {isa = PBXBuildFile; fileRef = D745526729B68FD2003774A2 /* Newsfeed Model.swift */; };
		D7467D7B295DA97A0061330C /* FriendXIBCell.swift in Sources */ = {isa = PBXBuildFile; fileRef = D7467D79295DA97A0061330C /* FriendXIBCell.swift */; };
		D7467D7C295DA97A0061330C /* FriendXIBCell.xib in Resources */ = {isa = PBXBuildFile; fileRef = D7467D7A295DA97A0061330C /* FriendXIBCell.xib */; };
		D7467D7E295DEE220061330C /* FriendsHeader.swift in Sources */ = {isa = PBXBuildFile; fileRef = D7467D7D295DEE220061330C /* FriendsHeader.swift */; };
		D7467D82295E08940061330C /* FriendsHeader.xib in Resources */ = {isa = PBXBuildFile; fileRef = D7467D81295E08940061330C /* FriendsHeader.xib */; };
		D7467D86295E19B10061330C /* News.swift in Sources */ = {isa = PBXBuildFile; fileRef = D7467D85295E19B10061330C /* News.swift */; };
		D7467D88295E35840061330C /* ShareButton.swift in Sources */ = {isa = PBXBuildFile; fileRef = D7467D87295E35840061330C /* ShareButton.swift */; };
		D7467D8A295E3B8D0061330C /* CommentButton.swift in Sources */ = {isa = PBXBuildFile; fileRef = D7467D89295E3B8D0061330C /* CommentButton.swift */; };
		D75220132940C31500013287 /* User.swift in Sources */ = {isa = PBXBuildFile; fileRef = D75220122940C31500013287 /* User.swift */; };
		D75220172941187E00013287 /* PhotosViewController.swift in Sources */ = {isa = PBXBuildFile; fileRef = D75220162941187E00013287 /* PhotosViewController.swift */; };
		D752201929411CB400013287 /* PhotoCell.swift in Sources */ = {isa = PBXBuildFile; fileRef = D752201829411CB400013287 /* PhotoCell.swift */; };
		D752201B2941208C00013287 /* GroupsTableViewController.swift in Sources */ = {isa = PBXBuildFile; fileRef = D752201A2941208C00013287 /* GroupsTableViewController.swift */; };
		D752201D294120DE00013287 /* Group.swift in Sources */ = {isa = PBXBuildFile; fileRef = D752201C294120DE00013287 /* Group.swift */; };
		D752201F294126A600013287 /* GroupCell.swift in Sources */ = {isa = PBXBuildFile; fileRef = D752201E294126A600013287 /* GroupCell.swift */; };
		D75220212941344000013287 /* AllGroupsController.swift in Sources */ = {isa = PBXBuildFile; fileRef = D75220202941344000013287 /* AllGroupsController.swift */; };
		D75E68F92993CB9400217784 /* Weather.swift in Sources */ = {isa = PBXBuildFile; fileRef = D75E68F82993CB9400217784 /* Weather.swift */; };
		D75E68FB2993CDB100217784 /* WeatherViewController.swift in Sources */ = {isa = PBXBuildFile; fileRef = D75E68FA2993CDB100217784 /* WeatherViewController.swift */; };
		D76B5C532996D4A0003E23A5 /* Realm in Frameworks */ = {isa = PBXBuildFile; productRef = D76B5C522996D4A0003E23A5 /* Realm */; };
		D76B5C552996D4A0003E23A5 /* RealmSwift in Frameworks */ = {isa = PBXBuildFile; productRef = D76B5C542996D4A0003E23A5 /* RealmSwift */; };
		D7706D2D29AE84680086FBB5 /* NewsScrollViewController.swift in Sources */ = {isa = PBXBuildFile; fileRef = D7706D2C29AE84680086FBB5 /* NewsScrollViewController.swift */; };
		D7A50DF729882038002771AC /* SessionViewController.swift in Sources */ = {isa = PBXBuildFile; fileRef = D7A50DF629882038002771AC /* SessionViewController.swift */; };
		D7DD2B1A293F495500BC664E /* UIViewController + extension.swift in Sources */ = {isa = PBXBuildFile; fileRef = D7DD2B19293F495500BC664E /* UIViewController + extension.swift */; };
		D7DD2B1E293FC89700BC664E /* FriendsTableViewController.swift in Sources */ = {isa = PBXBuildFile; fileRef = D7DD2B1D293FC89700BC664E /* FriendsTableViewController.swift */; };
		D7DD2B20293FCBA000BC664E /* FriendCell.swift in Sources */ = {isa = PBXBuildFile; fileRef = D7DD2B1F293FCBA000BC664E /* FriendCell.swift */; };
		F2EA3B5B7F6D66DFE3F37ABF /* Pods_GundyrevaAnastasiia_VK_Storyboard_project.framework in Frameworks */ = {isa = PBXBuildFile; fileRef = 27F292795687D2DC24CC0004 /* Pods_GundyrevaAnastasiia_VK_Storyboard_project.framework */; };
/* End PBXBuildFile section */

/* Begin PBXFileReference section */
		27F292795687D2DC24CC0004 /* Pods_GundyrevaAnastasiia_VK_Storyboard_project.framework */ = {isa = PBXFileReference; explicitFileType = wrapper.framework; includeInIndex = 0; path = Pods_GundyrevaAnastasiia_VK_Storyboard_project.framework; sourceTree = BUILT_PRODUCTS_DIR; };
		D5EFB91752FF7ED52A91EA70 /* Pods-GundyrevaAnastasiia_VK Storyboard project.release.xcconfig */ = {isa = PBXFileReference; includeInIndex = 1; lastKnownFileType = text.xcconfig; name = "Pods-GundyrevaAnastasiia_VK Storyboard project.release.xcconfig"; path = "Target Support Files/Pods-GundyrevaAnastasiia_VK Storyboard project/Pods-GundyrevaAnastasiia_VK Storyboard project.release.xcconfig"; sourceTree = "<group>"; };
		D71109862986C80D00316270 /* Session.swift */ = {isa = PBXFileReference; lastKnownFileType = sourcecode.swift; path = Session.swift; sourceTree = "<group>"; };
		D728DAAD2955942A0013A183 /* LikeButton.swift */ = {isa = PBXFileReference; lastKnownFileType = sourcecode.swift; path = LikeButton.swift; sourceTree = "<group>"; };
		D72DEB7D298ADE3C001C0C70 /* WKViewController.swift */ = {isa = PBXFileReference; lastKnownFileType = sourcecode.swift; path = WKViewController.swift; sourceTree = "<group>"; };
		D72DEB7F298BDAF6001C0C70 /* SecondViewController.swift */ = {isa = PBXFileReference; lastKnownFileType = sourcecode.swift; path = SecondViewController.swift; sourceTree = "<group>"; };
		D72DEB83298C08E1001C0C70 /* Service.swift */ = {isa = PBXFileReference; lastKnownFileType = sourcecode.swift; path = Service.swift; sourceTree = "<group>"; };
		D72FEB692954B50400250C27 /* GradientView.swift */ = {isa = PBXFileReference; lastKnownFileType = sourcecode.swift; path = GradientView.swift; sourceTree = "<group>"; };
		D72FEB6B2954EA1100250C27 /* AvatarView.swift */ = {isa = PBXFileReference; lastKnownFileType = sourcecode.swift; path = AvatarView.swift; sourceTree = "<group>"; };
		D72FEB6D2954FA1F00250C27 /* AvatarCircleView.swift */ = {isa = PBXFileReference; lastKnownFileType = sourcecode.swift; path = AvatarCircleView.swift; sourceTree = "<group>"; };
		D73167B2297066450082CE5F /* PurpleViewController.swift */ = {isa = PBXFileReference; lastKnownFileType = sourcecode.swift; path = PurpleViewController.swift; sourceTree = "<group>"; };
		D73167B429709A570082CE5F /* LoadingViewController.swift */ = {isa = PBXFileReference; lastKnownFileType = sourcecode.swift; path = LoadingViewController.swift; sourceTree = "<group>"; };
		D73167BB2970ADF30082CE5F /* GroupsHeader.swift */ = {isa = PBXFileReference; lastKnownFileType = sourcecode.swift; path = GroupsHeader.swift; sourceTree = "<group>"; };
		D73167BC2970ADF30082CE5F /* GroupsHeader.xib */ = {isa = PBXFileReference; lastKnownFileType = file.xib; path = GroupsHeader.xib; sourceTree = "<group>"; };
		D733DFCF296B652A00333434 /* TransitionAnimator.swift */ = {isa = PBXFileReference; lastKnownFileType = sourcecode.swift; path = TransitionAnimator.swift; sourceTree = "<group>"; };
		D734D81129659CA400F916DE /* PhotosUpcloseViewController.swift */ = {isa = PBXFileReference; lastKnownFileType = sourcecode.swift; path = PhotosUpcloseViewController.swift; sourceTree = "<group>"; };
		D7370D1A293675F600818366 /* GundyrevaAnastasiia_VK Storyboard project.app */ = {isa = PBXFileReference; explicitFileType = wrapper.application; includeInIndex = 0; path = "GundyrevaAnastasiia_VK Storyboard project.app"; sourceTree = BUILT_PRODUCTS_DIR; };
		D7370D1D293675F600818366 /* AppDelegate.swift */ = {isa = PBXFileReference; lastKnownFileType = sourcecode.swift; path = AppDelegate.swift; sourceTree = "<group>"; };
		D7370D1F293675F600818366 /* SceneDelegate.swift */ = {isa = PBXFileReference; lastKnownFileType = sourcecode.swift; path = SceneDelegate.swift; sourceTree = "<group>"; };
		D7370D21293675F600818366 /* LoginViewController.swift */ = {isa = PBXFileReference; lastKnownFileType = sourcecode.swift; path = LoginViewController.swift; sourceTree = "<group>"; };
		D7370D24293675F600818366 /* Base */ = {isa = PBXFileReference; lastKnownFileType = file.storyboard; name = Base; path = Base.lproj/Main.storyboard; sourceTree = "<group>"; };
		D7370D26293675F700818366 /* Assets.xcassets */ = {isa = PBXFileReference; lastKnownFileType = folder.assetcatalog; path = Assets.xcassets; sourceTree = "<group>"; };
		D7370D29293675F700818366 /* Base */ = {isa = PBXFileReference; lastKnownFileType = file.storyboard; name = Base; path = Base.lproj/LaunchScreen.storyboard; sourceTree = "<group>"; };
		D7370D2B293675F700818366 /* Info.plist */ = {isa = PBXFileReference; lastKnownFileType = text.plist.xml; path = Info.plist; sourceTree = "<group>"; };
		D7387969296F1A4100A3C6DE /* SwipeDownAnimator.swift */ = {isa = PBXFileReference; lastKnownFileType = sourcecode.swift; path = SwipeDownAnimator.swift; sourceTree = "<group>"; };
		D738796B296F1C4C00A3C6DE /* CustomSegue.swift */ = {isa = PBXFileReference; lastKnownFileType = sourcecode.swift; path = CustomSegue.swift; sourceTree = "<group>"; };
		D738796D296F562E00A3C6DE /* SquareViewController.swift */ = {isa = PBXFileReference; lastKnownFileType = sourcecode.swift; path = SquareViewController.swift; sourceTree = "<group>"; };
		D7389540294388D20011E4EF /* AllGroupsCell.swift */ = {isa = PBXFileReference; lastKnownFileType = sourcecode.swift; path = AllGroupsCell.swift; sourceTree = "<group>"; };
		D73AC52129AF913400A07766 /* PosterCell.swift */ = {isa = PBXFileReference; lastKnownFileType = sourcecode.swift; path = PosterCell.swift; sourceTree = "<group>"; };
		D73AC52329AF91F700A07766 /* PostTextCell.swift */ = {isa = PBXFileReference; lastKnownFileType = sourcecode.swift; path = PostTextCell.swift; sourceTree = "<group>"; };
		D73AC52529AF923500A07766 /* PostImageCell.swift */ = {isa = PBXFileReference; lastKnownFileType = sourcecode.swift; path = PostImageCell.swift; sourceTree = "<group>"; };
		D73AC52729AF927700A07766 /* PostButtonsCell.swift */ = {isa = PBXFileReference; lastKnownFileType = sourcecode.swift; path = PostButtonsCell.swift; sourceTree = "<group>"; };
		D73BC401296C254700BD0F05 /* CustomPushAnimators.swift */ = {isa = PBXFileReference; lastKnownFileType = sourcecode.swift; path = CustomPushAnimators.swift; sourceTree = "<group>"; };
		D73BC403296C3F3F00BD0F05 /* CustomNavigationController.swift */ = {isa = PBXFileReference; lastKnownFileType = sourcecode.swift; path = CustomNavigationController.swift; sourceTree = "<group>"; };
		D73FE2AF295B609400598CF2 /* LikeButton2.swift */ = {isa = PBXFileReference; lastKnownFileType = sourcecode.swift; path = LikeButton2.swift; sourceTree = "<group>"; };
		D73FE2B1295B992700598CF2 /* NewsViewController.swift */ = {isa = PBXFileReference; lastKnownFileType = sourcecode.swift; path = NewsViewController.swift; sourceTree = "<group>"; };
		D73FE2B3295B9B0900598CF2 /* NewsViewCell.swift */ = {isa = PBXFileReference; lastKnownFileType = sourcecode.swift; path = NewsViewCell.swift; sourceTree = "<group>"; };
		D73FFD492991350900E311DE /* FriendsTestViewController.swift */ = {isa = PBXFileReference; lastKnownFileType = sourcecode.swift; path = FriendsTestViewController.swift; sourceTree = "<group>"; };
		D73FFD4B2991368B00E311DE /* FriendsTestTableViewCell.swift */ = {isa = PBXFileReference; lastKnownFileType = sourcecode.swift; path = FriendsTestTableViewCell.swift; sourceTree = "<group>"; };
		D73FFD50299193E400E311DE /* Photo.swift */ = {isa = PBXFileReference; lastKnownFileType = sourcecode.swift; path = Photo.swift; sourceTree = "<group>"; };
		D742396629B7E34C00FD34EE /* NewsService.swift */ = {isa = PBXFileReference; lastKnownFileType = sourcecode.swift; path = NewsService.swift; sourceTree = "<group>"; };
		D745526729B68FD2003774A2 /* Newsfeed Model.swift */ = {isa = PBXFileReference; lastKnownFileType = sourcecode.swift; path = "Newsfeed Model.swift"; sourceTree = "<group>"; };
		D7467D79295DA97A0061330C /* FriendXIBCell.swift */ = {isa = PBXFileReference; lastKnownFileType = sourcecode.swift; path = FriendXIBCell.swift; sourceTree = "<group>"; };
		D7467D7A295DA97A0061330C /* FriendXIBCell.xib */ = {isa = PBXFileReference; lastKnownFileType = file.xib; path = FriendXIBCell.xib; sourceTree = "<group>"; };
		D7467D7D295DEE220061330C /* FriendsHeader.swift */ = {isa = PBXFileReference; lastKnownFileType = sourcecode.swift; path = FriendsHeader.swift; sourceTree = "<group>"; };
		D7467D81295E08940061330C /* FriendsHeader.xib */ = {isa = PBXFileReference; lastKnownFileType = file.xib; path = FriendsHeader.xib; sourceTree = "<group>"; };
		D7467D85295E19B10061330C /* News.swift */ = {isa = PBXFileReference; lastKnownFileType = sourcecode.swift; path = News.swift; sourceTree = "<group>"; };
		D7467D87295E35840061330C /* ShareButton.swift */ = {isa = PBXFileReference; lastKnownFileType = sourcecode.swift; path = ShareButton.swift; sourceTree = "<group>"; };
		D7467D89295E3B8D0061330C /* CommentButton.swift */ = {isa = PBXFileReference; lastKnownFileType = sourcecode.swift; path = CommentButton.swift; sourceTree = "<group>"; };
		D75220122940C31500013287 /* User.swift */ = {isa = PBXFileReference; lastKnownFileType = sourcecode.swift; path = User.swift; sourceTree = "<group>"; };
		D75220162941187E00013287 /* PhotosViewController.swift */ = {isa = PBXFileReference; lastKnownFileType = sourcecode.swift; path = PhotosViewController.swift; sourceTree = "<group>"; };
		D752201829411CB400013287 /* PhotoCell.swift */ = {isa = PBXFileReference; lastKnownFileType = sourcecode.swift; path = PhotoCell.swift; sourceTree = "<group>"; };
		D752201A2941208C00013287 /* GroupsTableViewController.swift */ = {isa = PBXFileReference; lastKnownFileType = sourcecode.swift; path = GroupsTableViewController.swift; sourceTree = "<group>"; };
		D752201C294120DE00013287 /* Group.swift */ = {isa = PBXFileReference; lastKnownFileType = sourcecode.swift; path = Group.swift; sourceTree = "<group>"; };
		D752201E294126A600013287 /* GroupCell.swift */ = {isa = PBXFileReference; lastKnownFileType = sourcecode.swift; path = GroupCell.swift; sourceTree = "<group>"; };
		D75220202941344000013287 /* AllGroupsController.swift */ = {isa = PBXFileReference; lastKnownFileType = sourcecode.swift; path = AllGroupsController.swift; sourceTree = "<group>"; };
		D75E68F82993CB9400217784 /* Weather.swift */ = {isa = PBXFileReference; lastKnownFileType = sourcecode.swift; path = Weather.swift; sourceTree = "<group>"; };
		D75E68FA2993CDB100217784 /* WeatherViewController.swift */ = {isa = PBXFileReference; lastKnownFileType = sourcecode.swift; path = WeatherViewController.swift; sourceTree = "<group>"; };
		D7706D2C29AE84680086FBB5 /* NewsScrollViewController.swift */ = {isa = PBXFileReference; lastKnownFileType = sourcecode.swift; path = NewsScrollViewController.swift; sourceTree = "<group>"; };
		D7A50DF629882038002771AC /* SessionViewController.swift */ = {isa = PBXFileReference; lastKnownFileType = sourcecode.swift; path = SessionViewController.swift; sourceTree = "<group>"; };
		D7DD2B19293F495500BC664E /* UIViewController + extension.swift */ = {isa = PBXFileReference; lastKnownFileType = sourcecode.swift; path = "UIViewController + extension.swift"; sourceTree = "<group>"; };
		D7DD2B1D293FC89700BC664E /* FriendsTableViewController.swift */ = {isa = PBXFileReference; lastKnownFileType = sourcecode.swift; path = FriendsTableViewController.swift; sourceTree = "<group>"; };
		D7DD2B1F293FCBA000BC664E /* FriendCell.swift */ = {isa = PBXFileReference; lastKnownFileType = sourcecode.swift; path = FriendCell.swift; sourceTree = "<group>"; };
		D9E52C3B001FE926CFD8C547 /* Pods-GundyrevaAnastasiia_VK Storyboard project.debug.xcconfig */ = {isa = PBXFileReference; includeInIndex = 1; lastKnownFileType = text.xcconfig; name = "Pods-GundyrevaAnastasiia_VK Storyboard project.debug.xcconfig"; path = "Target Support Files/Pods-GundyrevaAnastasiia_VK Storyboard project/Pods-GundyrevaAnastasiia_VK Storyboard project.debug.xcconfig"; sourceTree = "<group>"; };
/* End PBXFileReference section */

/* Begin PBXFrameworksBuildPhase section */
		D7370D17293675F600818366 /* Frameworks */ = {
			isa = PBXFrameworksBuildPhase;
			buildActionMask = 2147483647;
			files = (
				D76B5C552996D4A0003E23A5 /* RealmSwift in Frameworks */,
				D76B5C532996D4A0003E23A5 /* Realm in Frameworks */,
				D73FFD4F29915C0F00E311DE /* SDWebImage in Frameworks */,
				F2EA3B5B7F6D66DFE3F37ABF /* Pods_GundyrevaAnastasiia_VK_Storyboard_project.framework in Frameworks */,
			);
			runOnlyForDeploymentPostprocessing = 0;
		};
/* End PBXFrameworksBuildPhase section */

/* Begin PBXGroup section */
		199C27DC01B901B509639664 /* Frameworks */ = {
			isa = PBXGroup;
			children = (
				27F292795687D2DC24CC0004 /* Pods_GundyrevaAnastasiia_VK_Storyboard_project.framework */,
			);
			name = Frameworks;
			sourceTree = "<group>";
		};
		95B9B256DAC51B378EFD885F /* Pods */ = {
			isa = PBXGroup;
			children = (
				D9E52C3B001FE926CFD8C547 /* Pods-GundyrevaAnastasiia_VK Storyboard project.debug.xcconfig */,
				D5EFB91752FF7ED52A91EA70 /* Pods-GundyrevaAnastasiia_VK Storyboard project.release.xcconfig */,
			);
			path = Pods;
			sourceTree = "<group>";
		};
		D71109882986C81F00316270 /* Singleton */ = {
			isa = PBXGroup;
			children = (
				D71109862986C80D00316270 /* Session.swift */,
			);
			path = Singleton;
			sourceTree = "<group>";
		};
		D728DAAF295594470013A183 /* Buttons */ = {
			isa = PBXGroup;
			children = (
				D7467D89295E3B8D0061330C /* CommentButton.swift */,
				D7467D87295E35840061330C /* ShareButton.swift */,
				D728DAAD2955942A0013A183 /* LikeButton.swift */,
				D73FE2AF295B609400598CF2 /* LikeButton2.swift */,
			);
			path = Buttons;
			sourceTree = "<group>";
		};
		D72DEB82298C0889001C0C70 /* Service */ = {
			isa = PBXGroup;
			children = (
				D71109882986C81F00316270 /* Singleton */,
				D7A50DF629882038002771AC /* SessionViewController.swift */,
				D72DEB7F298BDAF6001C0C70 /* SecondViewController.swift */,
				D72DEB7D298ADE3C001C0C70 /* WKViewController.swift */,
				D72DEB83298C08E1001C0C70 /* Service.swift */,
				D73FFD492991350900E311DE /* FriendsTestViewController.swift */,
				D73FFD4B2991368B00E311DE /* FriendsTestTableViewCell.swift */,
				D75E68FA2993CDB100217784 /* WeatherViewController.swift */,
			);
			path = Service;
			sourceTree = "<group>";
		};
		D7370D11293675F600818366 = {
			isa = PBXGroup;
			children = (
				D7370D1C293675F600818366 /* GundyrevaAnastasiia_VK Storyboard project */,
				D7370D1B293675F600818366 /* Products */,
				95B9B256DAC51B378EFD885F /* Pods */,
				199C27DC01B901B509639664 /* Frameworks */,
			);
			sourceTree = "<group>";
		};
		D7370D1B293675F600818366 /* Products */ = {
			isa = PBXGroup;
			children = (
				D7370D1A293675F600818366 /* GundyrevaAnastasiia_VK Storyboard project.app */,
			);
			name = Products;
			sourceTree = "<group>";
		};
		D7370D1C293675F600818366 /* GundyrevaAnastasiia_VK Storyboard project */ = {
			isa = PBXGroup;
			children = (
				D72DEB82298C0889001C0C70 /* Service */,
				D728DAAF295594470013A183 /* Buttons */,
				D7370D1D293675F600818366 /* AppDelegate.swift */,
				D7370D1F293675F600818366 /* SceneDelegate.swift */,
				D7522014294116A500013287 /* Controllers */,
				D7522015294116F600013287 /* Model */,
				D738954229439A460011E4EF /* View */,
				D738954329439A770011E4EF /* Helpers */,
				D7370D23293675F600818366 /* Main.storyboard */,
				D745526629B68F87003774A2 /* Newsfeed Service */,
				D7370D26293675F700818366 /* Assets.xcassets */,
				D7370D28293675F700818366 /* LaunchScreen.storyboard */,
				D7370D2B293675F700818366 /* Info.plist */,
				D738796D296F562E00A3C6DE /* SquareViewController.swift */,
				D73167B2297066450082CE5F /* PurpleViewController.swift */,
			);
			path = "GundyrevaAnastasiia_VK Storyboard project";
			sourceTree = "<group>";
		};
		D738954229439A460011E4EF /* View */ = {
			isa = PBXGroup;
			children = (
				D7467D7D295DEE220061330C /* FriendsHeader.swift */,
				D73167BB2970ADF30082CE5F /* GroupsHeader.swift */,
				D73167BC2970ADF30082CE5F /* GroupsHeader.xib */,
				D7467D81295E08940061330C /* FriendsHeader.xib */,
				D7389540294388D20011E4EF /* AllGroupsCell.swift */,
				D7DD2B1F293FCBA000BC664E /* FriendCell.swift */,
				D752201E294126A600013287 /* GroupCell.swift */,
				D752201829411CB400013287 /* PhotoCell.swift */,
				D72FEB692954B50400250C27 /* GradientView.swift */,
				D72FEB6B2954EA1100250C27 /* AvatarView.swift */,
				D72FEB6D2954FA1F00250C27 /* AvatarCircleView.swift */,
				D73FE2B3295B9B0900598CF2 /* NewsViewCell.swift */,
				D7467D79295DA97A0061330C /* FriendXIBCell.swift */,
				D7467D7A295DA97A0061330C /* FriendXIBCell.xib */,
			);
			path = View;
			sourceTree = "<group>";
		};
		D738954329439A770011E4EF /* Helpers */ = {
			isa = PBXGroup;
			children = (
				D73BC401296C254700BD0F05 /* CustomPushAnimators.swift */,
				D7DD2B19293F495500BC664E /* UIViewController + extension.swift */,
				D733DFCF296B652A00333434 /* TransitionAnimator.swift */,
				D73BC403296C3F3F00BD0F05 /* CustomNavigationController.swift */,
				D7387969296F1A4100A3C6DE /* SwipeDownAnimator.swift */,
				D738796B296F1C4C00A3C6DE /* CustomSegue.swift */,
			);
			path = Helpers;
			sourceTree = "<group>";
		};
		D745526629B68F87003774A2 /* Newsfeed Service */ = {
			isa = PBXGroup;
			children = (
				D7706D2C29AE84680086FBB5 /* NewsScrollViewController.swift */,
				D73AC52129AF913400A07766 /* PosterCell.swift */,
				D73AC52529AF923500A07766 /* PostImageCell.swift */,
				D73AC52329AF91F700A07766 /* PostTextCell.swift */,
				D73AC52729AF927700A07766 /* PostButtonsCell.swift */,
				D745526729B68FD2003774A2 /* Newsfeed Model.swift */,
				D742396629B7E34C00FD34EE /* NewsService.swift */,
			);
			path = "Newsfeed Service";
			sourceTree = "<group>";
		};
		D7522014294116A500013287 /* Controllers */ = {
			isa = PBXGroup;
			children = (
				D73167B429709A570082CE5F /* LoadingViewController.swift */,
				D7370D21293675F600818366 /* LoginViewController.swift */,
				D7DD2B1D293FC89700BC664E /* FriendsTableViewController.swift */,
				D75220162941187E00013287 /* PhotosViewController.swift */,
				D734D81129659CA400F916DE /* PhotosUpcloseViewController.swift */,
				D752201A2941208C00013287 /* GroupsTableViewController.swift */,
				D75220202941344000013287 /* AllGroupsController.swift */,
				D73FE2B1295B992700598CF2 /* NewsViewController.swift */,
			);
			path = Controllers;
			sourceTree = "<group>";
		};
		D7522015294116F600013287 /* Model */ = {
			isa = PBXGroup;
			children = (
				D75220122940C31500013287 /* User.swift */,
				D752201C294120DE00013287 /* Group.swift */,
				D7467D85295E19B10061330C /* News.swift */,
				D73FFD50299193E400E311DE /* Photo.swift */,
				D75E68F82993CB9400217784 /* Weather.swift */,
			);
			path = Model;
			sourceTree = "<group>";
		};
/* End PBXGroup section */

/* Begin PBXNativeTarget section */
		D7370D19293675F600818366 /* GundyrevaAnastasiia_VK Storyboard project */ = {
			isa = PBXNativeTarget;
			buildConfigurationList = D7370D2E293675F700818366 /* Build configuration list for PBXNativeTarget "GundyrevaAnastasiia_VK Storyboard project" */;
			buildPhases = (
				7F3EED9D86BD91E0136671D3 /* [CP] Check Pods Manifest.lock */,
				D7370D16293675F600818366 /* Sources */,
				D7370D17293675F600818366 /* Frameworks */,
				D7370D18293675F600818366 /* Resources */,
				B39159B303C7B06F33F872E2 /* [CP] Embed Pods Frameworks */,
			);
			buildRules = (
			);
			dependencies = (
			);
			name = "GundyrevaAnastasiia_VK Storyboard project";
			packageProductDependencies = (
				D73FFD4E29915C0F00E311DE /* SDWebImage */,
				D76B5C522996D4A0003E23A5 /* Realm */,
				D76B5C542996D4A0003E23A5 /* RealmSwift */,
			);
			productName = "GundyrevaAnastasiia_VK Storyboard project";
			productReference = D7370D1A293675F600818366 /* GundyrevaAnastasiia_VK Storyboard project.app */;
			productType = "com.apple.product-type.application";
		};
/* End PBXNativeTarget section */

/* Begin PBXProject section */
		D7370D12293675F600818366 /* Project object */ = {
			isa = PBXProject;
			attributes = {
				BuildIndependentTargetsInParallel = 1;
				KnownAssetTags = (
					UsernameTextField,
				);
				LastSwiftUpdateCheck = 1410;
				LastUpgradeCheck = 1410;
				TargetAttributes = {
					D7370D19293675F600818366 = {
						CreatedOnToolsVersion = 14.1;
					};
				};
			};
			buildConfigurationList = D7370D15293675F600818366 /* Build configuration list for PBXProject "GundyrevaAnastasiia_VK Storyboard project" */;
			compatibilityVersion = "Xcode 14.0";
			developmentRegion = en;
			hasScannedForEncodings = 0;
			knownRegions = (
				en,
				Base,
			);
			mainGroup = D7370D11293675F600818366;
			packageReferences = (
				D73FFD4D29915C0E00E311DE /* XCRemoteSwiftPackageReference "SDWebImage" */,
				D76B5C512996D4A0003E23A5 /* XCRemoteSwiftPackageReference "realm-swift" */,
			);
			productRefGroup = D7370D1B293675F600818366 /* Products */;
			projectDirPath = "";
			projectRoot = "";
			targets = (
				D7370D19293675F600818366 /* GundyrevaAnastasiia_VK Storyboard project */,
			);
		};
/* End PBXProject section */

/* Begin PBXResourcesBuildPhase section */
		D7370D18293675F600818366 /* Resources */ = {
			isa = PBXResourcesBuildPhase;
			buildActionMask = 2147483647;
			files = (
				D7467D82295E08940061330C /* FriendsHeader.xib in Resources */,
				D7370D2A293675F700818366 /* LaunchScreen.storyboard in Resources */,
				D7467D7C295DA97A0061330C /* FriendXIBCell.xib in Resources */,
				D73167BE2970ADF30082CE5F /* GroupsHeader.xib in Resources */,
				D7370D27293675F700818366 /* Assets.xcassets in Resources */,
				D7370D25293675F600818366 /* Main.storyboard in Resources */,
			);
			runOnlyForDeploymentPostprocessing = 0;
		};
/* End PBXResourcesBuildPhase section */

/* Begin PBXShellScriptBuildPhase section */
		7F3EED9D86BD91E0136671D3 /* [CP] Check Pods Manifest.lock */ = {
			isa = PBXShellScriptBuildPhase;
			buildActionMask = 2147483647;
			files = (
			);
			inputFileListPaths = (
			);
			inputPaths = (
				"${PODS_PODFILE_DIR_PATH}/Podfile.lock",
				"${PODS_ROOT}/Manifest.lock",
			);
			name = "[CP] Check Pods Manifest.lock";
			outputFileListPaths = (
			);
			outputPaths = (
				"$(DERIVED_FILE_DIR)/Pods-GundyrevaAnastasiia_VK Storyboard project-checkManifestLockResult.txt",
			);
			runOnlyForDeploymentPostprocessing = 0;
			shellPath = /bin/sh;
			shellScript = "diff \"${PODS_PODFILE_DIR_PATH}/Podfile.lock\" \"${PODS_ROOT}/Manifest.lock\" > /dev/null\nif [ $? != 0 ] ; then\n    # print error to STDERR\n    echo \"error: The sandbox is not in sync with the Podfile.lock. Run 'pod install' or update your CocoaPods installation.\" >&2\n    exit 1\nfi\n# This output is used by Xcode 'outputs' to avoid re-running this script phase.\necho \"SUCCESS\" > \"${SCRIPT_OUTPUT_FILE_0}\"\n";
			showEnvVarsInLog = 0;
		};
		B39159B303C7B06F33F872E2 /* [CP] Embed Pods Frameworks */ = {
			isa = PBXShellScriptBuildPhase;
			buildActionMask = 2147483647;
			files = (
			);
			inputFileListPaths = (
				"${PODS_ROOT}/Target Support Files/Pods-GundyrevaAnastasiia_VK Storyboard project/Pods-GundyrevaAnastasiia_VK Storyboard project-frameworks-${CONFIGURATION}-input-files.xcfilelist",
			);
			name = "[CP] Embed Pods Frameworks";
			outputFileListPaths = (
				"${PODS_ROOT}/Target Support Files/Pods-GundyrevaAnastasiia_VK Storyboard project/Pods-GundyrevaAnastasiia_VK Storyboard project-frameworks-${CONFIGURATION}-output-files.xcfilelist",
			);
			runOnlyForDeploymentPostprocessing = 0;
			shellPath = /bin/sh;
			shellScript = "\"${PODS_ROOT}/Target Support Files/Pods-GundyrevaAnastasiia_VK Storyboard project/Pods-GundyrevaAnastasiia_VK Storyboard project-frameworks.sh\"\n";
			showEnvVarsInLog = 0;
		};
/* End PBXShellScriptBuildPhase section */

/* Begin PBXSourcesBuildPhase section */
		D7370D16293675F600818366 /* Sources */ = {
			isa = PBXSourcesBuildPhase;
			buildActionMask = 2147483647;
			files = (
				D738796C296F1C4C00A3C6DE /* CustomSegue.swift in Sources */,
				D745526829B68FD2003774A2 /* Newsfeed Model.swift in Sources */,
				D734D81229659CA400F916DE /* PhotosUpcloseViewController.swift in Sources */,
				D733DFD0296B652A00333434 /* TransitionAnimator.swift in Sources */,
				D75220172941187E00013287 /* PhotosViewController.swift in Sources */,
				D75E68F92993CB9400217784 /* Weather.swift in Sources */,
				D7DD2B20293FCBA000BC664E /* FriendCell.swift in Sources */,
				D73BC402296C254700BD0F05 /* CustomPushAnimators.swift in Sources */,
				D7706D2D29AE84680086FBB5 /* NewsScrollViewController.swift in Sources */,
				D72FEB6A2954B50400250C27 /* GradientView.swift in Sources */,
				D73167B529709A570082CE5F /* LoadingViewController.swift in Sources */,
				D72DEB80298BDAF6001C0C70 /* SecondViewController.swift in Sources */,
				D73BC404296C3F3F00BD0F05 /* CustomNavigationController.swift in Sources */,
				D73FE2B2295B992700598CF2 /* NewsViewController.swift in Sources */,
				D7467D88295E35840061330C /* ShareButton.swift in Sources */,
				D7370D22293675F600818366 /* LoginViewController.swift in Sources */,
				D752201D294120DE00013287 /* Group.swift in Sources */,
				D75E68FB2993CDB100217784 /* WeatherViewController.swift in Sources */,
				D7A50DF729882038002771AC /* SessionViewController.swift in Sources */,
				D73167B3297066450082CE5F /* PurpleViewController.swift in Sources */,
				D72FEB6C2954EA1100250C27 /* AvatarView.swift in Sources */,
				D72DEB7E298ADE3C001C0C70 /* WKViewController.swift in Sources */,
				D72FEB6E2954FA1F00250C27 /* AvatarCircleView.swift in Sources */,
				D73FE2B0295B609400598CF2 /* LikeButton2.swift in Sources */,
				D73AC52629AF923500A07766 /* PostImageCell.swift in Sources */,
				D738796E296F562E00A3C6DE /* SquareViewController.swift in Sources */,
				D7DD2B1E293FC89700BC664E /* FriendsTableViewController.swift in Sources */,
				D7370D1E293675F600818366 /* AppDelegate.swift in Sources */,
				D75220212941344000013287 /* AllGroupsController.swift in Sources */,
				D728DAAE2955942A0013A183 /* LikeButton.swift in Sources */,
				D7389541294388D20011E4EF /* AllGroupsCell.swift in Sources */,
				D752201F294126A600013287 /* GroupCell.swift in Sources */,
				D72DEB84298C08E1001C0C70 /* Service.swift in Sources */,
				D7467D7B295DA97A0061330C /* FriendXIBCell.swift in Sources */,
				D752201929411CB400013287 /* PhotoCell.swift in Sources */,
				D73AC52229AF913400A07766 /* PosterCell.swift in Sources */,
				D752201B2941208C00013287 /* GroupsTableViewController.swift in Sources */,
				D7467D86295E19B10061330C /* News.swift in Sources */,
				D73FFD4A2991350900E311DE /* FriendsTestViewController.swift in Sources */,
				D71109872986C80D00316270 /* Session.swift in Sources */,
				D742396729B7E34C00FD34EE /* NewsService.swift in Sources */,
				D7DD2B1A293F495500BC664E /* UIViewController + extension.swift in Sources */,
				D73167BD2970ADF30082CE5F /* GroupsHeader.swift in Sources */,
				D7467D8A295E3B8D0061330C /* CommentButton.swift in Sources */,
				D73AC52829AF927700A07766 /* PostButtonsCell.swift in Sources */,
				D73FE2B4295B9B0900598CF2 /* NewsViewCell.swift in Sources */,
				D73AC52429AF91F700A07766 /* PostTextCell.swift in Sources */,
				D73FFD4C2991368B00E311DE /* FriendsTestTableViewCell.swift in Sources */,
				D738796A296F1A4100A3C6DE /* SwipeDownAnimator.swift in Sources */,
				D73FFD51299193E400E311DE /* Photo.swift in Sources */,
				D7370D20293675F600818366 /* SceneDelegate.swift in Sources */,
				D7467D7E295DEE220061330C /* FriendsHeader.swift in Sources */,
				D75220132940C31500013287 /* User.swift in Sources */,
			);
			runOnlyForDeploymentPostprocessing = 0;
		};
/* End PBXSourcesBuildPhase section */

/* Begin PBXVariantGroup section */
		D7370D23293675F600818366 /* Main.storyboard */ = {
			isa = PBXVariantGroup;
			children = (
				D7370D24293675F600818366 /* Base */,
			);
			name = Main.storyboard;
			sourceTree = "<group>";
		};
		D7370D28293675F700818366 /* LaunchScreen.storyboard */ = {
			isa = PBXVariantGroup;
			children = (
				D7370D29293675F700818366 /* Base */,
			);
			name = LaunchScreen.storyboard;
			sourceTree = "<group>";
		};
/* End PBXVariantGroup section */

/* Begin XCBuildConfiguration section */
		D7370D2C293675F700818366 /* Debug */ = {
			isa = XCBuildConfiguration;
			buildSettings = {
				ALWAYS_SEARCH_USER_PATHS = NO;
				CLANG_ANALYZER_NONNULL = YES;
				CLANG_ANALYZER_NUMBER_OBJECT_CONVERSION = YES_AGGRESSIVE;
				CLANG_CXX_LANGUAGE_STANDARD = "gnu++20";
				CLANG_ENABLE_MODULES = YES;
				CLANG_ENABLE_OBJC_ARC = YES;
				CLANG_ENABLE_OBJC_WEAK = YES;
				CLANG_WARN_BLOCK_CAPTURE_AUTORELEASING = YES;
				CLANG_WARN_BOOL_CONVERSION = YES;
				CLANG_WARN_COMMA = YES;
				CLANG_WARN_CONSTANT_CONVERSION = YES;
				CLANG_WARN_DEPRECATED_OBJC_IMPLEMENTATIONS = YES;
				CLANG_WARN_DIRECT_OBJC_ISA_USAGE = YES_ERROR;
				CLANG_WARN_DOCUMENTATION_COMMENTS = YES;
				CLANG_WARN_EMPTY_BODY = YES;
				CLANG_WARN_ENUM_CONVERSION = YES;
				CLANG_WARN_INFINITE_RECURSION = YES;
				CLANG_WARN_INT_CONVERSION = YES;
				CLANG_WARN_NON_LITERAL_NULL_CONVERSION = YES;
				CLANG_WARN_OBJC_IMPLICIT_RETAIN_SELF = YES;
				CLANG_WARN_OBJC_LITERAL_CONVERSION = YES;
				CLANG_WARN_OBJC_ROOT_CLASS = YES_ERROR;
				CLANG_WARN_QUOTED_INCLUDE_IN_FRAMEWORK_HEADER = YES;
				CLANG_WARN_RANGE_LOOP_ANALYSIS = YES;
				CLANG_WARN_STRICT_PROTOTYPES = YES;
				CLANG_WARN_SUSPICIOUS_MOVE = YES;
				CLANG_WARN_UNGUARDED_AVAILABILITY = YES_AGGRESSIVE;
				CLANG_WARN_UNREACHABLE_CODE = YES;
				CLANG_WARN__DUPLICATE_METHOD_MATCH = YES;
				COPY_PHASE_STRIP = NO;
				DEBUG_INFORMATION_FORMAT = dwarf;
				ENABLE_STRICT_OBJC_MSGSEND = YES;
				ENABLE_TESTABILITY = YES;
				GCC_C_LANGUAGE_STANDARD = gnu11;
				GCC_DYNAMIC_NO_PIC = NO;
				GCC_NO_COMMON_BLOCKS = YES;
				GCC_OPTIMIZATION_LEVEL = 0;
				GCC_PREPROCESSOR_DEFINITIONS = (
					"DEBUG=1",
					"$(inherited)",
				);
				GCC_WARN_64_TO_32_BIT_CONVERSION = YES;
				GCC_WARN_ABOUT_RETURN_TYPE = YES_ERROR;
				GCC_WARN_UNDECLARED_SELECTOR = YES;
				GCC_WARN_UNINITIALIZED_AUTOS = YES_AGGRESSIVE;
				GCC_WARN_UNUSED_FUNCTION = YES;
				GCC_WARN_UNUSED_VARIABLE = YES;
				IPHONEOS_DEPLOYMENT_TARGET = 16.1;
				MTL_ENABLE_DEBUG_INFO = INCLUDE_SOURCE;
				MTL_FAST_MATH = YES;
				ONLY_ACTIVE_ARCH = YES;
				SDKROOT = iphoneos;
				SWIFT_ACTIVE_COMPILATION_CONDITIONS = DEBUG;
				SWIFT_OPTIMIZATION_LEVEL = "-Onone";
			};
			name = Debug;
		};
		D7370D2D293675F700818366 /* Release */ = {
			isa = XCBuildConfiguration;
			buildSettings = {
				ALWAYS_SEARCH_USER_PATHS = NO;
				CLANG_ANALYZER_NONNULL = YES;
				CLANG_ANALYZER_NUMBER_OBJECT_CONVERSION = YES_AGGRESSIVE;
				CLANG_CXX_LANGUAGE_STANDARD = "gnu++20";
				CLANG_ENABLE_MODULES = YES;
				CLANG_ENABLE_OBJC_ARC = YES;
				CLANG_ENABLE_OBJC_WEAK = YES;
				CLANG_WARN_BLOCK_CAPTURE_AUTORELEASING = YES;
				CLANG_WARN_BOOL_CONVERSION = YES;
				CLANG_WARN_COMMA = YES;
				CLANG_WARN_CONSTANT_CONVERSION = YES;
				CLANG_WARN_DEPRECATED_OBJC_IMPLEMENTATIONS = YES;
				CLANG_WARN_DIRECT_OBJC_ISA_USAGE = YES_ERROR;
				CLANG_WARN_DOCUMENTATION_COMMENTS = YES;
				CLANG_WARN_EMPTY_BODY = YES;
				CLANG_WARN_ENUM_CONVERSION = YES;
				CLANG_WARN_INFINITE_RECURSION = YES;
				CLANG_WARN_INT_CONVERSION = YES;
				CLANG_WARN_NON_LITERAL_NULL_CONVERSION = YES;
				CLANG_WARN_OBJC_IMPLICIT_RETAIN_SELF = YES;
				CLANG_WARN_OBJC_LITERAL_CONVERSION = YES;
				CLANG_WARN_OBJC_ROOT_CLASS = YES_ERROR;
				CLANG_WARN_QUOTED_INCLUDE_IN_FRAMEWORK_HEADER = YES;
				CLANG_WARN_RANGE_LOOP_ANALYSIS = YES;
				CLANG_WARN_STRICT_PROTOTYPES = YES;
				CLANG_WARN_SUSPICIOUS_MOVE = YES;
				CLANG_WARN_UNGUARDED_AVAILABILITY = YES_AGGRESSIVE;
				CLANG_WARN_UNREACHABLE_CODE = YES;
				CLANG_WARN__DUPLICATE_METHOD_MATCH = YES;
				COPY_PHASE_STRIP = NO;
				DEBUG_INFORMATION_FORMAT = "dwarf-with-dsym";
				ENABLE_NS_ASSERTIONS = NO;
				ENABLE_STRICT_OBJC_MSGSEND = YES;
				GCC_C_LANGUAGE_STANDARD = gnu11;
				GCC_NO_COMMON_BLOCKS = YES;
				GCC_WARN_64_TO_32_BIT_CONVERSION = YES;
				GCC_WARN_ABOUT_RETURN_TYPE = YES_ERROR;
				GCC_WARN_UNDECLARED_SELECTOR = YES;
				GCC_WARN_UNINITIALIZED_AUTOS = YES_AGGRESSIVE;
				GCC_WARN_UNUSED_FUNCTION = YES;
				GCC_WARN_UNUSED_VARIABLE = YES;
				IPHONEOS_DEPLOYMENT_TARGET = 16.1;
				MTL_ENABLE_DEBUG_INFO = NO;
				MTL_FAST_MATH = YES;
				SDKROOT = iphoneos;
				SWIFT_COMPILATION_MODE = wholemodule;
				SWIFT_OPTIMIZATION_LEVEL = "-O";
				VALIDATE_PRODUCT = YES;
			};
			name = Release;
		};
		D7370D2F293675F700818366 /* Debug */ = {
			isa = XCBuildConfiguration;
			baseConfigurationReference = D9E52C3B001FE926CFD8C547 /* Pods-GundyrevaAnastasiia_VK Storyboard project.debug.xcconfig */;
			buildSettings = {
				ASSETCATALOG_COMPILER_APPICON_NAME = AppIcon;
				ASSETCATALOG_COMPILER_GLOBAL_ACCENT_COLOR_NAME = AccentColor;
				CODE_SIGN_STYLE = Automatic;
				CURRENT_PROJECT_VERSION = 1;
				DEVELOPMENT_TEAM = 46LXSX843X;
				GENERATE_INFOPLIST_FILE = YES;
				INFOPLIST_FILE = "GundyrevaAnastasiia_VK Storyboard project/Info.plist";
				INFOPLIST_KEY_UIApplicationSupportsIndirectInputEvents = YES;
				INFOPLIST_KEY_UILaunchStoryboardName = LaunchScreen;
				INFOPLIST_KEY_UIMainStoryboardFile = Main;
				INFOPLIST_KEY_UISupportedInterfaceOrientations_iPad = "UIInterfaceOrientationPortrait UIInterfaceOrientationPortraitUpsideDown UIInterfaceOrientationLandscapeLeft UIInterfaceOrientationLandscapeRight";
				INFOPLIST_KEY_UISupportedInterfaceOrientations_iPhone = "UIInterfaceOrientationPortrait UIInterfaceOrientationLandscapeLeft UIInterfaceOrientationLandscapeRight";
				LD_RUNPATH_SEARCH_PATHS = (
					"$(inherited)",
					"@executable_path/Frameworks",
				);
				MARKETING_VERSION = 1.0;
				PRODUCT_BUNDLE_IDENTIFIER = "AsyaTrial.GundyrevaAnastasiia-VK-Storyboard-project";
				PRODUCT_NAME = "$(TARGET_NAME)";
				SWIFT_EMIT_LOC_STRINGS = YES;
				SWIFT_VERSION = 5.0;
				TARGETED_DEVICE_FAMILY = "1,2";
			};
			name = Debug;
		};
		D7370D30293675F700818366 /* Release */ = {
			isa = XCBuildConfiguration;
			baseConfigurationReference = D5EFB91752FF7ED52A91EA70 /* Pods-GundyrevaAnastasiia_VK Storyboard project.release.xcconfig */;
			buildSettings = {
				ASSETCATALOG_COMPILER_APPICON_NAME = AppIcon;
				ASSETCATALOG_COMPILER_GLOBAL_ACCENT_COLOR_NAME = AccentColor;
				CODE_SIGN_STYLE = Automatic;
				CURRENT_PROJECT_VERSION = 1;
				DEVELOPMENT_TEAM = 46LXSX843X;
				GENERATE_INFOPLIST_FILE = YES;
				INFOPLIST_FILE = "GundyrevaAnastasiia_VK Storyboard project/Info.plist";
				INFOPLIST_KEY_UIApplicationSupportsIndirectInputEvents = YES;
				INFOPLIST_KEY_UILaunchStoryboardName = LaunchScreen;
				INFOPLIST_KEY_UIMainStoryboardFile = Main;
				INFOPLIST_KEY_UISupportedInterfaceOrientations_iPad = "UIInterfaceOrientationPortrait UIInterfaceOrientationPortraitUpsideDown UIInterfaceOrientationLandscapeLeft UIInterfaceOrientationLandscapeRight";
				INFOPLIST_KEY_UISupportedInterfaceOrientations_iPhone = "UIInterfaceOrientationPortrait UIInterfaceOrientationLandscapeLeft UIInterfaceOrientationLandscapeRight";
				LD_RUNPATH_SEARCH_PATHS = (
					"$(inherited)",
					"@executable_path/Frameworks",
				);
				MARKETING_VERSION = 1.0;
				PRODUCT_BUNDLE_IDENTIFIER = "AsyaTrial.GundyrevaAnastasiia-VK-Storyboard-project";
				PRODUCT_NAME = "$(TARGET_NAME)";
				SWIFT_EMIT_LOC_STRINGS = YES;
				SWIFT_VERSION = 5.0;
				TARGETED_DEVICE_FAMILY = "1,2";
			};
			name = Release;
		};
/* End XCBuildConfiguration section */

/* Begin XCConfigurationList section */
		D7370D15293675F600818366 /* Build configuration list for PBXProject "GundyrevaAnastasiia_VK Storyboard project" */ = {
			isa = XCConfigurationList;
			buildConfigurations = (
				D7370D2C293675F700818366 /* Debug */,
				D7370D2D293675F700818366 /* Release */,
			);
			defaultConfigurationIsVisible = 0;
			defaultConfigurationName = Release;
		};
		D7370D2E293675F700818366 /* Build configuration list for PBXNativeTarget "GundyrevaAnastasiia_VK Storyboard project" */ = {
			isa = XCConfigurationList;
			buildConfigurations = (
				D7370D2F293675F700818366 /* Debug */,
				D7370D30293675F700818366 /* Release */,
			);
			defaultConfigurationIsVisible = 0;
			defaultConfigurationName = Release;
		};
/* End XCConfigurationList section */

/* Begin XCRemoteSwiftPackageReference section */
		D73FFD4D29915C0E00E311DE /* XCRemoteSwiftPackageReference "SDWebImage" */ = {
			isa = XCRemoteSwiftPackageReference;
			repositoryURL = "https://github.com/SDWebImage/SDWebImage";
			requirement = {
				kind = upToNextMajorVersion;
				minimumVersion = 5.0.0;
			};
		};
		D76B5C512996D4A0003E23A5 /* XCRemoteSwiftPackageReference "realm-swift" */ = {
			isa = XCRemoteSwiftPackageReference;
			repositoryURL = "https://github.com/realm/realm-swift";
			requirement = {
				branch = master;
				kind = branch;
			};
		};
/* End XCRemoteSwiftPackageReference section */

/* Begin XCSwiftPackageProductDependency section */
		D73FFD4E29915C0F00E311DE /* SDWebImage */ = {
			isa = XCSwiftPackageProductDependency;
			package = D73FFD4D29915C0E00E311DE /* XCRemoteSwiftPackageReference "SDWebImage" */;
			productName = SDWebImage;
		};
		D76B5C522996D4A0003E23A5 /* Realm */ = {
			isa = XCSwiftPackageProductDependency;
			package = D76B5C512996D4A0003E23A5 /* XCRemoteSwiftPackageReference "realm-swift" */;
			productName = Realm;
		};
		D76B5C542996D4A0003E23A5 /* RealmSwift */ = {
			isa = XCSwiftPackageProductDependency;
			package = D76B5C512996D4A0003E23A5 /* XCRemoteSwiftPackageReference "realm-swift" */;
			productName = RealmSwift;
		};
/* End XCSwiftPackageProductDependency section */
	};
	rootObject = D7370D12293675F600818366 /* Project object */;
}
